
Microsoft Visual Studio Solution File, Format Version 12.00
# Visual Studio Version 17
VisualStudioVersion = 17.3.32901.215
MinimumVisualStudioVersion = 10.0.40219.1
Project("{8BC9CEB8-8B4A-11D0-8D11-00A0C91BC942}") = "OP_Test", "OP_Test\OP_Test.vcxproj", "{E2E49917-AB70-4862-B671-AC9A3EE393CE}"
EndProject
Project("{8BC9CEB8-8B4A-11D0-8D11-00A0C91BC942}") = "Concatenate", "Concatenate\Concatenate.vcxproj", "{EB2E1AAE-E905-483F-9776-2CA16558D13A}"
EndProject
Global
	GlobalSection(SolutionConfigurationPlatforms) = preSolution
		Debug|x64 = Debug|x64
		Debug|x86 = Debug|x86
		Release|x64 = Release|x64
		Release|x86 = Release|x86
	EndGlobalSection
	GlobalSection(ProjectConfigurationPlatforms) = postSolution
		{E2E49917-AB70-4862-B671-AC9A3EE393CE}.Debug|x64.ActiveCfg = Debug|x64
		{E2E49917-AB70-4862-B671-AC9A3EE393CE}.Debug|x64.Build.0 = Debug|x64
		{E2E49917-AB70-4862-B671-AC9A3EE393CE}.Debug|x86.ActiveCfg = Debug|Win32
		{E2E49917-AB70-4862-B671-AC9A3EE393CE}.Debug|x86.Build.0 = Debug|Win32
		{E2E49917-AB70-4862-B671-AC9A3EE393CE}.Release|x64.ActiveCfg = Release|x64
		{E2E49917-AB70-4862-B671-AC9A3EE393CE}.Release|x64.Build.0 = Release|x64
		{E2E49917-AB70-4862-B671-AC9A3EE393CE}.Release|x86.ActiveCfg = Release|Win32
		{E2E49917-AB70-4862-B671-AC9A3EE393CE}.Release|x86.Build.0 = Release|Win32
		{EB2E1AAE-E905-483F-9776-2CA16558D13A}.Debug|x64.ActiveCfg = Debug|x64
		{EB2E1AAE-E905-483F-9776-2CA16558D13A}.Debug|x64.Build.0 = Debug|x64
		{EB2E1AAE-E905-483F-9776-2CA16558D13A}.Debug|x86.ActiveCfg = Debug|Win32
		{EB2E1AAE-E905-483F-9776-2CA16558D13A}.Debug|x86.Build.0 = Debug|Win32
		{EB2E1AAE-E905-483F-9776-2CA16558D13A}.Release|x64.ActiveCfg = Release|x64
		{EB2E1AAE-E905-483F-9776-2CA16558D13A}.Release|x64.Build.0 = Release|x64
		{EB2E1AAE-E905-483F-9776-2CA16558D13A}.Release|x86.ActiveCfg = Release|Win32
		{EB2E1AAE-E905-483F-9776-2CA16558D13A}.Release|x86.Build.0 = Release|Win32
	EndGlobalSection
	GlobalSection(SolutionProperties) = preSolution
		HideSolutionNode = FALSE
	EndGlobalSection
	GlobalSection(ExtensibilityGlobals) = postSolution
		SolutionGuid = {0ADEF467-2B89-4659-959B-DFC48C4A07DC}
	EndGlobalSection
EndGlobal
